
Microsoft Visual Studio Solution File, Format Version 12.00
# Visual Studio Version 16
VisualStudioVersion = 16.0.31605.320
MinimumVisualStudioVersion = 10.0.40219.1
Project("{FAE04EC0-301F-11D3-BF4B-00C04F79EFBC}") = "BetweenTwoModelDB", "BetweenTwoModelDB\BetweenTwoModelDB.csproj", "{F53B0766-1464-43E6-B67D-5ED5D974EBDC}"
EndProject
Global
	GlobalSection(SolutionConfigurationPlatforms) = preSolution
		Debug|Any CPU = Debug|Any CPU
		Release|Any CPU = Release|Any CPU
	EndGlobalSection
	GlobalSection(ProjectConfigurationPlatforms) = postSolution
		{F53B0766-1464-43E6-B67D-5ED5D974EBDC}.Debug|Any CPU.ActiveCfg = Debug|Any CPU
		{F53B0766-1464-43E6-B67D-5ED5D974EBDC}.Debug|Any CPU.Build.0 = Debug|Any CPU
		{F53B0766-1464-43E6-B67D-5ED5D974EBDC}.Release|Any CPU.ActiveCfg = Release|Any CPU
		{F53B0766-1464-43E6-B67D-5ED5D974EBDC}.Release|Any CPU.Build.0 = Release|Any CPU
	EndGlobalSection
	GlobalSection(SolutionProperties) = preSolution
		HideSolutionNode = FALSE
	EndGlobalSection
	GlobalSection(ExtensibilityGlobals) = postSolution
		SolutionGuid = {EB8C7FC1-006E-474C-A717-03AE440499D8}
	EndGlobalSection
EndGlobal
